
Microsoft Visual Studio Solution File, Format Version 12.00
# Visual Studio Version 17
VisualStudioVersion = 17.0.32014.148
MinimumVisualStudioVersion = 10.0.40219.1
Project("{FAE04EC0-301F-11D3-BF4B-00C04F79EFBC}") = "VestibularAPI", "VestibularAPI.csproj", "{6859BAEA-6FFB-430F-B2EC-D614609689B4}"
EndProject
Global
	GlobalSection(SolutionConfigurationPlatforms) = preSolution
		Debug|Any CPU = Debug|Any CPU
		Release|Any CPU = Release|Any CPU
	EndGlobalSection
	GlobalSection(ProjectConfigurationPlatforms) = postSolution
		{6859BAEA-6FFB-430F-B2EC-D614609689B4}.Debug|Any CPU.ActiveCfg = Debug|Any CPU
		{6859BAEA-6FFB-430F-B2EC-D614609689B4}.Debug|Any CPU.Build.0 = Debug|Any CPU
		{6859BAEA-6FFB-430F-B2EC-D614609689B4}.Release|Any CPU.ActiveCfg = Release|Any CPU
		{6859BAEA-6FFB-430F-B2EC-D614609689B4}.Release|Any CPU.Build.0 = Release|Any CPU
	EndGlobalSection
	GlobalSection(SolutionProperties) = preSolution
		HideSolutionNode = FALSE
	EndGlobalSection
	GlobalSection(ExtensibilityGlobals) = postSolution
		SolutionGuid = {5A1A5392-33AA-4CE7-9F0B-C7F78C9EB55A}
	EndGlobalSection
EndGlobal
